
Microsoft Visual Studio Solution File, Format Version 12.00
# Visual Studio Version 16
VisualStudioVersion = 16.0.30717.126
MinimumVisualStudioVersion = 10.0.40219.1
Project("{FAE04EC0-301F-11D3-BF4B-00C04F79EFBC}") = "calendar", "calendar.csproj", "{72F1DAFB-976A-4016-A23B-BC69EC04BA56}"
EndProject
Global
	GlobalSection(SolutionConfigurationPlatforms) = preSolution
		Debug|Any CPU = Debug|Any CPU
		Release|Any CPU = Release|Any CPU
	EndGlobalSection
	GlobalSection(ProjectConfigurationPlatforms) = postSolution
		{72F1DAFB-976A-4016-A23B-BC69EC04BA56}.Debug|Any CPU.ActiveCfg = Debug|Any CPU
		{72F1DAFB-976A-4016-A23B-BC69EC04BA56}.Debug|Any CPU.Build.0 = Debug|Any CPU
		{72F1DAFB-976A-4016-A23B-BC69EC04BA56}.Release|Any CPU.ActiveCfg = Release|Any CPU
		{72F1DAFB-976A-4016-A23B-BC69EC04BA56}.Release|Any CPU.Build.0 = Release|Any CPU
	EndGlobalSection
	GlobalSection(SolutionProperties) = preSolution
		HideSolutionNode = FALSE
	EndGlobalSection
	GlobalSection(ExtensibilityGlobals) = postSolution
		SolutionGuid = {2D9655D9-E443-449D-9733-07A96FFDF24F}
	EndGlobalSection
EndGlobal
